
Microsoft Visual Studio Solution File, Format Version 12.00
# Visual Studio Version 17
VisualStudioVersion = 17.7.34024.191
MinimumVisualStudioVersion = 10.0.40219.1
Project("{9A19103F-16F7-4668-BE54-9A1E7A4F7556}") = "FirstProject", "FirstProject\FirstProject.csproj", "{7A7B5CB4-37F6-4E34-811E-FB4A15323F96}"
EndProject
Project("{9A19103F-16F7-4668-BE54-9A1E7A4F7556}") = "SecondProject", "SecondProject\SecondProject.csproj", "{1BE15F97-6C5B-4678-8B55-769CFBF19F24}"
EndProject
Project("{FAE04EC0-301F-11D3-BF4B-00C04F79EFBC}") = "CSharpBasics", "CSharpBasics\CSharpBasics.csproj", "{48740E50-0120-4BA3-8073-60FBD4B7E423}"
EndProject
Global
	GlobalSection(SolutionConfigurationPlatforms) = preSolution
		Debug|Any CPU = Debug|Any CPU
		Release|Any CPU = Release|Any CPU
	EndGlobalSection
	GlobalSection(ProjectConfigurationPlatforms) = postSolution
		{7A7B5CB4-37F6-4E34-811E-FB4A15323F96}.Debug|Any CPU.ActiveCfg = Debug|Any CPU
		{7A7B5CB4-37F6-4E34-811E-FB4A15323F96}.Debug|Any CPU.Build.0 = Debug|Any CPU
		{7A7B5CB4-37F6-4E34-811E-FB4A15323F96}.Release|Any CPU.ActiveCfg = Release|Any CPU
		{7A7B5CB4-37F6-4E34-811E-FB4A15323F96}.Release|Any CPU.Build.0 = Release|Any CPU
		{1BE15F97-6C5B-4678-8B55-769CFBF19F24}.Debug|Any CPU.ActiveCfg = Debug|Any CPU
		{1BE15F97-6C5B-4678-8B55-769CFBF19F24}.Debug|Any CPU.Build.0 = Debug|Any CPU
		{1BE15F97-6C5B-4678-8B55-769CFBF19F24}.Release|Any CPU.ActiveCfg = Release|Any CPU
		{1BE15F97-6C5B-4678-8B55-769CFBF19F24}.Release|Any CPU.Build.0 = Release|Any CPU
		{48740E50-0120-4BA3-8073-60FBD4B7E423}.Debug|Any CPU.ActiveCfg = Debug|Any CPU
		{48740E50-0120-4BA3-8073-60FBD4B7E423}.Debug|Any CPU.Build.0 = Debug|Any CPU
		{48740E50-0120-4BA3-8073-60FBD4B7E423}.Release|Any CPU.ActiveCfg = Release|Any CPU
		{48740E50-0120-4BA3-8073-60FBD4B7E423}.Release|Any CPU.Build.0 = Release|Any CPU
	EndGlobalSection
	GlobalSection(SolutionProperties) = preSolution
		HideSolutionNode = FALSE
	EndGlobalSection
	GlobalSection(ExtensibilityGlobals) = postSolution
		SolutionGuid = {274D7F51-4ED5-4CFA-9721-EA504C9A29DB}
	EndGlobalSection
EndGlobal
